
Microsoft Visual Studio Solution File, Format Version 12.00
# Visual Studio 15
VisualStudioVersion = 15.0.27004.2006
MinimumVisualStudioVersion = 10.0.40219.1
Project("{FAE04EC0-301F-11D3-BF4B-00C04F79EFBC}") = "AlmirVjezba", "AlmirVjezba\AlmirVjezba.csproj", "{64F3E843-FFD8-4326-820D-ACA47FC42B97}"
EndProject
Project("{FAE04EC0-301F-11D3-BF4B-00C04F79EFBC}") = "AlmirVjezbaContext", "AlmirVjezbaContext\AlmirVjezbaContext.csproj", "{34CBC11A-182E-4F35-AB45-F1941C412EB9}"
EndProject
Global
	GlobalSection(SolutionConfigurationPlatforms) = preSolution
		Debug|Any CPU = Debug|Any CPU
		Debug|ARM = Debug|ARM
		Debug|x64 = Debug|x64
		Debug|x86 = Debug|x86
		Release|Any CPU = Release|Any CPU
		Release|ARM = Release|ARM
		Release|x64 = Release|x64
		Release|x86 = Release|x86
	EndGlobalSection
	GlobalSection(ProjectConfigurationPlatforms) = postSolution
		{64F3E843-FFD8-4326-820D-ACA47FC42B97}.Debug|Any CPU.ActiveCfg = Debug|Any CPU
		{64F3E843-FFD8-4326-820D-ACA47FC42B97}.Debug|Any CPU.Build.0 = Debug|Any CPU
		{64F3E843-FFD8-4326-820D-ACA47FC42B97}.Debug|ARM.ActiveCfg = Debug|Any CPU
		{64F3E843-FFD8-4326-820D-ACA47FC42B97}.Debug|ARM.Build.0 = Debug|Any CPU
		{64F3E843-FFD8-4326-820D-ACA47FC42B97}.Debug|x64.ActiveCfg = Debug|Any CPU
		{64F3E843-FFD8-4326-820D-ACA47FC42B97}.Debug|x64.Build.0 = Debug|Any CPU
		{64F3E843-FFD8-4326-820D-ACA47FC42B97}.Debug|x86.ActiveCfg = Debug|Any CPU
		{64F3E843-FFD8-4326-820D-ACA47FC42B97}.Debug|x86.Build.0 = Debug|Any CPU
		{64F3E843-FFD8-4326-820D-ACA47FC42B97}.Release|Any CPU.ActiveCfg = Release|Any CPU
		{64F3E843-FFD8-4326-820D-ACA47FC42B97}.Release|Any CPU.Build.0 = Release|Any CPU
		{64F3E843-FFD8-4326-820D-ACA47FC42B97}.Release|ARM.ActiveCfg = Release|Any CPU
		{64F3E843-FFD8-4326-820D-ACA47FC42B97}.Release|ARM.Build.0 = Release|Any CPU
		{64F3E843-FFD8-4326-820D-ACA47FC42B97}.Release|x64.ActiveCfg = Release|Any CPU
		{64F3E843-FFD8-4326-820D-ACA47FC42B97}.Release|x64.Build.0 = Release|Any CPU
		{64F3E843-FFD8-4326-820D-ACA47FC42B97}.Release|x86.ActiveCfg = Release|Any CPU
		{64F3E843-FFD8-4326-820D-ACA47FC42B97}.Release|x86.Build.0 = Release|Any CPU
		{34CBC11A-182E-4F35-AB45-F1941C412EB9}.Debug|Any CPU.ActiveCfg = Debug|Any CPU
		{34CBC11A-182E-4F35-AB45-F1941C412EB9}.Debug|Any CPU.Build.0 = Debug|Any CPU
		{34CBC11A-182E-4F35-AB45-F1941C412EB9}.Debug|ARM.ActiveCfg = Debug|ARM
		{34CBC11A-182E-4F35-AB45-F1941C412EB9}.Debug|ARM.Build.0 = Debug|ARM
		{34CBC11A-182E-4F35-AB45-F1941C412EB9}.Debug|x64.ActiveCfg = Debug|x64
		{34CBC11A-182E-4F35-AB45-F1941C412EB9}.Debug|x64.Build.0 = Debug|x64
		{34CBC11A-182E-4F35-AB45-F1941C412EB9}.Debug|x86.ActiveCfg = Debug|x86
		{34CBC11A-182E-4F35-AB45-F1941C412EB9}.Debug|x86.Build.0 = Debug|x86
		{34CBC11A-182E-4F35-AB45-F1941C412EB9}.Release|Any CPU.ActiveCfg = Release|Any CPU
		{34CBC11A-182E-4F35-AB45-F1941C412EB9}.Release|Any CPU.Build.0 = Release|Any CPU
		{34CBC11A-182E-4F35-AB45-F1941C412EB9}.Release|ARM.ActiveCfg = Release|ARM
		{34CBC11A-182E-4F35-AB45-F1941C412EB9}.Release|ARM.Build.0 = Release|ARM
		{34CBC11A-182E-4F35-AB45-F1941C412EB9}.Release|x64.ActiveCfg = Release|x64
		{34CBC11A-182E-4F35-AB45-F1941C412EB9}.Release|x64.Build.0 = Release|x64
		{34CBC11A-182E-4F35-AB45-F1941C412EB9}.Release|x86.ActiveCfg = Release|x86
		{34CBC11A-182E-4F35-AB45-F1941C412EB9}.Release|x86.Build.0 = Release|x86
	EndGlobalSection
	GlobalSection(SolutionProperties) = preSolution
		HideSolutionNode = FALSE
	EndGlobalSection
	GlobalSection(ExtensibilityGlobals) = postSolution
		SolutionGuid = {BADC7123-A203-4989-AE57-CBF613D690B0}
	EndGlobalSection
EndGlobal
